
Microsoft Visual Studio Solution File, Format Version 12.00
# Visual Studio Version 17
VisualStudioVersion = 17.3.32804.467
MinimumVisualStudioVersion = 10.0.40219.1
Project("{FAE04EC0-301F-11D3-BF4B-00C04F79EFBC}") = "WebApp4k", "WebApp4k\WebApp4k.csproj", "{AAD6B26B-44B8-4E31-8A92-0906111DF740}"
EndProject
Global
	GlobalSection(SolutionConfigurationPlatforms) = preSolution
		Debug|Any CPU = Debug|Any CPU
		Release|Any CPU = Release|Any CPU
	EndGlobalSection
	GlobalSection(ProjectConfigurationPlatforms) = postSolution
		{AAD6B26B-44B8-4E31-8A92-0906111DF740}.Debug|Any CPU.ActiveCfg = Debug|Any CPU
		{AAD6B26B-44B8-4E31-8A92-0906111DF740}.Debug|Any CPU.Build.0 = Debug|Any CPU
		{AAD6B26B-44B8-4E31-8A92-0906111DF740}.Release|Any CPU.ActiveCfg = Release|Any CPU
		{AAD6B26B-44B8-4E31-8A92-0906111DF740}.Release|Any CPU.Build.0 = Release|Any CPU
	EndGlobalSection
	GlobalSection(SolutionProperties) = preSolution
		HideSolutionNode = FALSE
	EndGlobalSection
	GlobalSection(ExtensibilityGlobals) = postSolution
		SolutionGuid = {FF6A1DDC-93EA-4801-AEEE-2AF97F3CC0C8}
	EndGlobalSection
EndGlobal
